<?xml version="1.0" encoding="utf-8"?>
<Project ToolsVersion="4.0" xmlns="http://schemas.microsoft.com/developer/msbuild/2003">
  <ItemGroup>
    <Filter Include="Source Files">
      <UniqueIdentifier>{4FC737F1-C7A5-4376-A066-2A32D752A2FF}</UniqueIdentifier>
      <Extensions>cpp;c;cc;cxx;def;odl;idl;hpj;bat;asm;asmx</Extensions>
    </Filter>
    <Filter Include="Header Files">
      <UniqueIdentifier>{93995380-89BD-4b04-88EB-625FBE52EBFB}</UniqueIdentifier>
      <Extensions>h;hh;hpp;hxx;hm;inl;inc;xsd</Extensions>
    </Filter>
    <Filter Include="Resource Files">
      <UniqueIdentifier>{67DA6AB6-F800-4c08-8B7A-83BB121AAD01}</UniqueIdentifier>
      <Extensions>rc;ico;cur;bmp;dlg;rc2;rct;bin;rgs;gif;jpg;jpeg;jpe;resx;tiff;tif;png;wav;mfcribbon-ms</Extensions>
    </Filter>
    <Filter Include="Source Files\detail">
      <UniqueIdentifier>{1b6d06e1-d32f-4852-a9f4-a93cba8061d1}</UniqueIdentifier>
    </Filter>
    <Filter Include="Header Files\detail">
      <UniqueIdentifier>{784e9dc3-a7cc-46a3-9eae-b869a4be74dc}</UniqueIdentifier>
    </Filter>
    <Filter Include="Source Files\detail\Ragel">
      <UniqueIdentifier>{f1d7d404-4a0f-4789-98ab-3ecc4e2e198a}</UniqueIdentifier>
    </Filter>
  </ItemGroup>
  <ItemGroup>
    <ClInclude Include="stdafx.h">
      <Filter>Header Files</Filter>
    </ClInclude>
    <ClInclude Include="targetver.h">
      <Filter>Header Files</Filter>
    </ClInclude>
    <ClInclude Include="detail\LexerContext.h">
      <Filter>Header Files\detail</Filter>
    </ClInclude>
    <ClInclude Include="detail\Error.h">
      <Filter>Header Files\detail</Filter>
    </ClInclude>
    <ClInclude Include="detail\Token.h">
      <Filter>Header Files\detail</Filter>
    </ClInclude>
    <ClInclude Include="detail\Command.h">
      <Filter>Header Files\detail</Filter>
    </ClInclude>
    <ClInclude Include="detail\LiteralHelpers.h">
      <Filter>Header Files\detail</Filter>
    </ClInclude>
    <ClInclude Include="Tree.h">
      <Filter>Header Files</Filter>
    </ClInclude>
    <ClInclude Include="detail\ParserContext.h">
      <Filter>Header Files\detail</Filter>
    </ClInclude>
    <ClInclude Include="exception.h">
      <Filter>Header Files</Filter>
    </ClInclude>
    <ClInclude Include="Type.h">
      <Filter>Header Files</Filter>
    </ClInclude>
    <ClInclude Include="detail\detail.h">
      <Filter>Header Files\detail</Filter>
    </ClInclude>
  </ItemGroup>
  <ItemGroup>
    <ClCompile Include="stdafx.cpp">
      <Filter>Source Files</Filter>
    </ClCompile>
    <ClCompile Include="detail\LexerContext.cpp">
      <Filter>Source Files\detail</Filter>
    </ClCompile>
    <ClCompile Include="detail\Lexer.cpp">
      <Filter>Source Files\detail</Filter>
    </ClCompile>
    <ClCompile Include="detail\Parser.cpp">
      <Filter>Source Files\detail</Filter>
    </ClCompile>
    <ClCompile Include="detail\LiteralHelpers.cpp">
      <Filter>Source Files\detail</Filter>
    </ClCompile>
    <ClCompile Include="detail\ParserContext.cpp">
      <Filter>Source Files\detail</Filter>
    </ClCompile>
    <ClCompile Include="Tree.cpp">
      <Filter>Source Files</Filter>
    </ClCompile>
    <ClCompile Include="exception.cpp">
      <Filter>Source Files</Filter>
    </ClCompile>
    <ClCompile Include="detail\Command.cpp">
      <Filter>Source Files\detail</Filter>
    </ClCompile>
  </ItemGroup>
  <ItemGroup>
    <CustomBuild Include="detail/Ragel/Lexer.rl">
      <Filter>Source Files\detail\Ragel</Filter>
    </CustomBuild>
    <CustomBuild Include="detail/Ragel/Parser.rl">
      <Filter>Source Files\detail\Ragel</Filter>
    </CustomBuild>
  </ItemGroup>
  <ItemGroup>
    <None Include="..\README.md" />
  </ItemGroup>
</Project>